// !$*UTF8*$!
{
	archiveVersion = 1;
	classes = {
	};
	objectVersion = 50;
	objects = {

/* Begin PBXBuildFile section */
		46A19D696FB20DF10E086937 /* libPods-Jarvis++.a in Frameworks */ = {isa = PBXBuildFile; fileRef = 4B758B3E2D00044589FFB5B7 /* libPods-Jarvis++.a */; };
		C0025AAE241421E9007813F7 /* Utils.h in Headers */ = {isa = PBXBuildFile; fileRef = C0025AAD241421E9007813F7 /* Utils.h */; };
		C0025AB0241421F4007813F7 /* Utils.m in Sources */ = {isa = PBXBuildFile; fileRef = C0025AAF241421F4007813F7 /* Utils.m */; };
		C0025AB224143917007813F7 /* DeviceState.m in Sources */ = {isa = PBXBuildFile; fileRef = C0025AB124143917007813F7 /* DeviceState.m */; };
		C0025AB424143923007813F7 /* DeviceState.h in Headers */ = {isa = PBXBuildFile; fileRef = C0025AB324143923007813F7 /* DeviceState.h */; };
		C0025ABE241483B7007813F7 /* UIImage+Pixels.h in Headers */ = {isa = PBXBuildFile; fileRef = C0025ABD241483B7007813F7 /* UIImage+Pixels.h */; };
		C0025AC0241483C6007813F7 /* UIImage+Pixels.mm in Sources */ = {isa = PBXBuildFile; fileRef = C0025ABF241483C6007813F7 /* UIImage+Pixels.mm */; };
		C0025AC32414846B007813F7 /* JobController.h in Headers */ = {isa = PBXBuildFile; fileRef = C0025AC22414846B007813F7 /* JobController.h */; };
		C0025AC524148477007813F7 /* JobController.m in Sources */ = {isa = PBXBuildFile; fileRef = C0025AC424148477007813F7 /* JobController.m */; };
		C00EE489241C70B2001771AB /* HttpClientConnection.h in Headers */ = {isa = PBXBuildFile; fileRef = C00EE488241C70B2001771AB /* HttpClientConnection.h */; };
		C00EE48B241C70C5001771AB /* HttpClientConnection.m in Sources */ = {isa = PBXBuildFile; fileRef = C00EE48A241C70C5001771AB /* HttpClientConnection.m */; };
		C00EE48D241D4830001771AB /* JarvisTestCase.h in Headers */ = {isa = PBXBuildFile; fileRef = C00EE48C241D4830001771AB /* JarvisTestCase.h */; };
		C00EE48F241D4855001771AB /* JarvisTestCase.m in Sources */ = {isa = PBXBuildFile; fileRef = C00EE48E241D4855001771AB /* JarvisTestCase.m */; };
		C0132B62240B630000719452 /* CFNetwork.framework in Frameworks */ = {isa = PBXBuildFile; fileRef = C0132B61240B630000719452 /* CFNetwork.framework */; };
		C0132B64240B631700719452 /* Security.framework in Frameworks */ = {isa = PBXBuildFile; fileRef = C0132B63240B631700719452 /* Security.framework */; };
		C01B4965240ACF5D00633B45 /* Foundation.framework in Frameworks */ = {isa = PBXBuildFile; fileRef = C01B4964240ACF5D00633B45 /* Foundation.framework */; };
		C01B4967240ACF5D00633B45 /* UIKit.framework in Frameworks */ = {isa = PBXBuildFile; fileRef = C01B4966240ACF5D00633B45 /* UIKit.framework */; };
		C01B4971240ACF5D00633B45 /* Jarvis__.h in Headers */ = {isa = PBXBuildFile; fileRef = C01B4970240ACF5D00633B45 /* Jarvis__.h */; };
		C01B4973240ACF5D00633B45 /* Jarvis__.m in Sources */ = {isa = PBXBuildFile; fileRef = C01B4972240ACF5D00633B45 /* Jarvis__.m */; };
		C01B4980240ACF9400633B45 /* UIC.h in Headers */ = {isa = PBXBuildFile; fileRef = C01B497E240ACF9400633B45 /* UIC.h */; };
		C01B4981240ACF9400633B45 /* UIC.mm in Sources */ = {isa = PBXBuildFile; fileRef = C01B497F240ACF9400633B45 /* UIC.mm */; };
		C01B4983240AD01E00633B45 /* CoreLocation.framework in Frameworks */ = {isa = PBXBuildFile; fileRef = C01B4982240AD01E00633B45 /* CoreLocation.framework */; };
		C067ACEA241EAFF6007E3055 /* PTFakeTouch.h in Headers */ = {isa = PBXBuildFile; fileRef = C067ACD7241EAFF6007E3055 /* PTFakeTouch.h */; };
		C067ACEB241EAFF6007E3055 /* IOKit.framework in Frameworks */ = {isa = PBXBuildFile; fileRef = C067ACD8241EAFF6007E3055 /* IOKit.framework */; };
		C067ACEC241EAFF7007E3055 /* IOHIDEvent+KIF.h in Headers */ = {isa = PBXBuildFile; fileRef = C067ACDA241EAFF6007E3055 /* IOHIDEvent+KIF.h */; };
		C067ACED241EAFF7007E3055 /* UIApplication-KIFAdditions.h in Headers */ = {isa = PBXBuildFile; fileRef = C067ACDB241EAFF6007E3055 /* UIApplication-KIFAdditions.h */; };
		C067ACEE241EAFF7007E3055 /* UIWindow-KIFAdditions.m in Sources */ = {isa = PBXBuildFile; fileRef = C067ACDC241EAFF6007E3055 /* UIWindow-KIFAdditions.m */; };
		C067ACEF241EAFF7007E3055 /* UITouch-KIFAdditions.m in Sources */ = {isa = PBXBuildFile; fileRef = C067ACDD241EAFF6007E3055 /* UITouch-KIFAdditions.m */; };
		C067ACF0241EAFF7007E3055 /* UIView-KIFAdditions.h in Headers */ = {isa = PBXBuildFile; fileRef = C067ACDE241EAFF6007E3055 /* UIView-KIFAdditions.h */; };
		C067ACF1241EAFF7007E3055 /* UIEvent+KIFAdditions.h in Headers */ = {isa = PBXBuildFile; fileRef = C067ACDF241EAFF6007E3055 /* UIEvent+KIFAdditions.h */; };
		C067ACF2241EAFF7007E3055 /* UIWindow-KIFAdditions.h in Headers */ = {isa = PBXBuildFile; fileRef = C067ACE0241EAFF6007E3055 /* UIWindow-KIFAdditions.h */; };
		C067ACF3241EAFF7007E3055 /* UIApplication-KIFAdditions.m in Sources */ = {isa = PBXBuildFile; fileRef = C067ACE1241EAFF6007E3055 /* UIApplication-KIFAdditions.m */; };
		C067ACF4241EAFF7007E3055 /* FixCategoryBug.h in Headers */ = {isa = PBXBuildFile; fileRef = C067ACE2241EAFF6007E3055 /* FixCategoryBug.h */; };
		C067ACF5241EAFF7007E3055 /* IOHIDEvent+KIF.m in Sources */ = {isa = PBXBuildFile; fileRef = C067ACE3241EAFF6007E3055 /* IOHIDEvent+KIF.m */; };
		C067ACF6241EAFF7007E3055 /* UIView-KIFAdditions.m in Sources */ = {isa = PBXBuildFile; fileRef = C067ACE4241EAFF6007E3055 /* UIView-KIFAdditions.m */; };
		C067ACF7241EAFF7007E3055 /* UITouch-KIFAdditions.h in Headers */ = {isa = PBXBuildFile; fileRef = C067ACE5241EAFF6007E3055 /* UITouch-KIFAdditions.h */; };
		C067ACF8241EAFF7007E3055 /* UIEvent+KIFAdditions.m in Sources */ = {isa = PBXBuildFile; fileRef = C067ACE6241EAFF6007E3055 /* UIEvent+KIFAdditions.m */; };
		C067ACF9241EAFF7007E3055 /* LoadableCategory.h in Headers */ = {isa = PBXBuildFile; fileRef = C067ACE7241EAFF6007E3055 /* LoadableCategory.h */; };
		C067ACFA241EAFF7007E3055 /* PTFakeTouch.m in Sources */ = {isa = PBXBuildFile; fileRef = C067ACE8241EAFF6007E3055 /* PTFakeTouch.m */; };
		C067AD2B241EB515007E3055 /* KIF.framework in Frameworks */ = {isa = PBXBuildFile; fileRef = C067AD27241EB209007E3055 /* KIF.framework */; };
		C067AD2F241EB776007E3055 /* XCTest.framework in Frameworks */ = {isa = PBXBuildFile; fileRef = C067AD2E241EB776007E3055 /* XCTest.framework */; };
		C0AC1CDD240BAD44008F4DFB /* CoreGraphics.framework in Frameworks */ = {isa = PBXBuildFile; fileRef = C0AC1CDC240BAD44008F4DFB /* CoreGraphics.framework */; };
		C0AC1CF2240BB365008F4DFB /* Device.m in Sources */ = {isa = PBXBuildFile; fileRef = C0AC1CF1240BB365008F4DFB /* Device.m */; };
		C0AC1CF4240BB37C008F4DFB /* Device.h in Headers */ = {isa = PBXBuildFile; fileRef = C0AC1CF3240BB37C008F4DFB /* Device.h */; };
		C0AC1CF6240BB96C008F4DFB /* Settings.m in Sources */ = {isa = PBXBuildFile; fileRef = C0AC1CF5240BB96C008F4DFB /* Settings.m */; };
		C0AC1CF8240BB97A008F4DFB /* Settings.h in Headers */ = {isa = PBXBuildFile; fileRef = C0AC1CF7240BB97A008F4DFB /* Settings.h */; };
		C0B68E022414C33E009B5970 /* Consts.h in Headers */ = {isa = PBXBuildFile; fileRef = C0B68E012414C33E009B5970 /* Consts.h */; };
		C0B68E042414C632009B5970 /* Consts.m in Sources */ = {isa = PBXBuildFile; fileRef = C0B68E032414C632009B5970 /* Consts.m */; };
		C0BAF0952418B62C003E2419 /* Jarvis++.pch in Headers */ = {isa = PBXBuildFile; fileRef = C0BAF0942418B62C003E2419 /* Jarvis++.pch */; };
/* End PBXBuildFile section */

/* Begin PBXFileReference section */
		2EF23DFC61FC9528A2C6B4F9 /* Pods-Jarvis++.debug.xcconfig */ = {isa = PBXFileReference; includeInIndex = 1; lastKnownFileType = text.xcconfig; name = "Pods-Jarvis++.debug.xcconfig"; path = "Target Support Files/Pods-Jarvis++/Pods-Jarvis++.debug.xcconfig"; sourceTree = "<group>"; };
		4B758B3E2D00044589FFB5B7 /* libPods-Jarvis++.a */ = {isa = PBXFileReference; explicitFileType = archive.ar; includeInIndex = 0; path = "libPods-Jarvis++.a"; sourceTree = BUILT_PRODUCTS_DIR; };
		55E833E5AC2B9F7037D6E68C /* Pods-Jarvis++.release.xcconfig */ = {isa = PBXFileReference; includeInIndex = 1; lastKnownFileType = text.xcconfig; name = "Pods-Jarvis++.release.xcconfig"; path = "Target Support Files/Pods-Jarvis++/Pods-Jarvis++.release.xcconfig"; sourceTree = "<group>"; };
		C0025AAD241421E9007813F7 /* Utils.h */ = {isa = PBXFileReference; lastKnownFileType = sourcecode.c.h; path = Utils.h; sourceTree = "<group>"; };
		C0025AAF241421F4007813F7 /* Utils.m */ = {isa = PBXFileReference; lastKnownFileType = sourcecode.c.objc; path = Utils.m; sourceTree = "<group>"; };
		C0025AB124143917007813F7 /* DeviceState.m */ = {isa = PBXFileReference; lastKnownFileType = sourcecode.c.objc; path = DeviceState.m; sourceTree = "<group>"; };
		C0025AB324143923007813F7 /* DeviceState.h */ = {isa = PBXFileReference; lastKnownFileType = sourcecode.c.h; path = DeviceState.h; sourceTree = "<group>"; };
		C0025ABD241483B7007813F7 /* UIImage+Pixels.h */ = {isa = PBXFileReference; lastKnownFileType = sourcecode.c.h; path = "UIImage+Pixels.h"; sourceTree = "<group>"; };
		C0025ABF241483C6007813F7 /* UIImage+Pixels.mm */ = {isa = PBXFileReference; lastKnownFileType = sourcecode.cpp.objcpp; path = "UIImage+Pixels.mm"; sourceTree = "<group>"; };
		C0025AC22414846B007813F7 /* JobController.h */ = {isa = PBXFileReference; lastKnownFileType = sourcecode.c.h; path = JobController.h; sourceTree = "<group>"; };
		C0025AC424148477007813F7 /* JobController.m */ = {isa = PBXFileReference; lastKnownFileType = sourcecode.c.objc; path = JobController.m; sourceTree = "<group>"; };
		C00EE488241C70B2001771AB /* HttpClientConnection.h */ = {isa = PBXFileReference; lastKnownFileType = sourcecode.c.h; path = HttpClientConnection.h; sourceTree = "<group>"; };
		C00EE48A241C70C5001771AB /* HttpClientConnection.m */ = {isa = PBXFileReference; lastKnownFileType = sourcecode.c.objc; path = HttpClientConnection.m; sourceTree = "<group>"; };
		C00EE48C241D4830001771AB /* JarvisTestCase.h */ = {isa = PBXFileReference; lastKnownFileType = sourcecode.c.h; path = JarvisTestCase.h; sourceTree = "<group>"; };
		C00EE48E241D4855001771AB /* JarvisTestCase.m */ = {isa = PBXFileReference; lastKnownFileType = sourcecode.c.objc; path = JarvisTestCase.m; sourceTree = "<group>"; };
		C0132B61240B630000719452 /* CFNetwork.framework */ = {isa = PBXFileReference; lastKnownFileType = wrapper.framework; name = CFNetwork.framework; path = System/Library/Frameworks/CFNetwork.framework; sourceTree = SDKROOT; };
		C0132B63240B631700719452 /* Security.framework */ = {isa = PBXFileReference; lastKnownFileType = wrapper.framework; name = Security.framework; path = System/Library/Frameworks/Security.framework; sourceTree = SDKROOT; };
		C019482824161E730094A2C8 /* config.plist */ = {isa = PBXFileReference; lastKnownFileType = text.plist.xml; path = config.plist; sourceTree = "<group>"; };
		C01B4961240ACF5D00633B45 /* libJarvis++.dylib */ = {isa = PBXFileReference; explicitFileType = "compiled.mach-o.dylib"; includeInIndex = 0; path = "libJarvis++.dylib"; sourceTree = BUILT_PRODUCTS_DIR; };
		C01B4964240ACF5D00633B45 /* Foundation.framework */ = {isa = PBXFileReference; lastKnownFileType = wrapper.framework; name = Foundation.framework; path = System/Library/Frameworks/Foundation.framework; sourceTree = SDKROOT; };
		C01B4966240ACF5D00633B45 /* UIKit.framework */ = {isa = PBXFileReference; lastKnownFileType = wrapper.framework; name = UIKit.framework; path = System/Library/Frameworks/UIKit.framework; sourceTree = SDKROOT; };
		C01B496B240ACF5D00633B45 /* control.txt */ = {isa = PBXFileReference; lastKnownFileType = text; path = control.txt; sourceTree = "<group>"; };
		C01B496C240ACF5D00633B45 /* control */ = {isa = PBXFileReference; lastKnownFileType = text; path = control; sourceTree = "<group>"; };
		C01B496E240ACF5D00633B45 /* PackageVersion.plist */ = {isa = PBXFileReference; lastKnownFileType = text.plist.xml; name = PackageVersion.plist; path = ../PackageVersion.plist; sourceTree = "<group>"; };
		C01B496F240ACF5D00633B45 /* Jarvis++-Prefix.pch */ = {isa = PBXFileReference; lastKnownFileType = sourcecode.c.h; name = "Jarvis++-Prefix.pch"; path = "../Jarvis++-Prefix.pch"; sourceTree = "<group>"; };
		C01B4970240ACF5D00633B45 /* Jarvis__.h */ = {isa = PBXFileReference; lastKnownFileType = sourcecode.c.h; path = Jarvis__.h; sourceTree = "<group>"; };
		C01B4972240ACF5D00633B45 /* Jarvis__.m */ = {isa = PBXFileReference; lastKnownFileType = sourcecode.c.objc; path = Jarvis__.m; sourceTree = "<group>"; };
		C01B4976240ACF5D00633B45 /* 0xdeadfa11 */ = {isa = PBXFileReference; lastKnownFileType = text; path = 0xdeadfa11; sourceTree = "<group>"; };
		C01B497E240ACF9400633B45 /* UIC.h */ = {isa = PBXFileReference; fileEncoding = 4; lastKnownFileType = sourcecode.c.h; path = UIC.h; sourceTree = "<group>"; };
		C01B497F240ACF9400633B45 /* UIC.mm */ = {isa = PBXFileReference; fileEncoding = 4; lastKnownFileType = sourcecode.cpp.objcpp; path = UIC.mm; sourceTree = "<group>"; };
		C01B4982240AD01E00633B45 /* CoreLocation.framework */ = {isa = PBXFileReference; lastKnownFileType = wrapper.framework; name = CoreLocation.framework; path = System/Library/Frameworks/CoreLocation.framework; sourceTree = SDKROOT; };
		C067ACD7241EAFF6007E3055 /* PTFakeTouch.h */ = {isa = PBXFileReference; fileEncoding = 4; lastKnownFileType = sourcecode.c.h; path = PTFakeTouch.h; sourceTree = "<group>"; };
		C067ACD8241EAFF6007E3055 /* IOKit.framework */ = {isa = PBXFileReference; lastKnownFileType = wrapper.framework; path = IOKit.framework; sourceTree = "<group>"; };
		C067ACDA241EAFF6007E3055 /* IOHIDEvent+KIF.h */ = {isa = PBXFileReference; fileEncoding = 4; lastKnownFileType = sourcecode.c.h; path = "IOHIDEvent+KIF.h"; sourceTree = "<group>"; };
		C067ACDB241EAFF6007E3055 /* UIApplication-KIFAdditions.h */ = {isa = PBXFileReference; fileEncoding = 4; lastKnownFileType = sourcecode.c.h; path = "UIApplication-KIFAdditions.h"; sourceTree = "<group>"; };
		C067ACDC241EAFF6007E3055 /* UIWindow-KIFAdditions.m */ = {isa = PBXFileReference; fileEncoding = 4; lastKnownFileType = sourcecode.c.objc; path = "UIWindow-KIFAdditions.m"; sourceTree = "<group>"; };
		C067ACDD241EAFF6007E3055 /* UITouch-KIFAdditions.m */ = {isa = PBXFileReference; fileEncoding = 4; lastKnownFileType = sourcecode.c.objc; path = "UITouch-KIFAdditions.m"; sourceTree = "<group>"; };
		C067ACDE241EAFF6007E3055 /* UIView-KIFAdditions.h */ = {isa = PBXFileReference; fileEncoding = 4; lastKnownFileType = sourcecode.c.h; path = "UIView-KIFAdditions.h"; sourceTree = "<group>"; };
		C067ACDF241EAFF6007E3055 /* UIEvent+KIFAdditions.h */ = {isa = PBXFileReference; fileEncoding = 4; lastKnownFileType = sourcecode.c.h; path = "UIEvent+KIFAdditions.h"; sourceTree = "<group>"; };
		C067ACE0241EAFF6007E3055 /* UIWindow-KIFAdditions.h */ = {isa = PBXFileReference; fileEncoding = 4; lastKnownFileType = sourcecode.c.h; path = "UIWindow-KIFAdditions.h"; sourceTree = "<group>"; };
		C067ACE1241EAFF6007E3055 /* UIApplication-KIFAdditions.m */ = {isa = PBXFileReference; fileEncoding = 4; lastKnownFileType = sourcecode.c.objc; path = "UIApplication-KIFAdditions.m"; sourceTree = "<group>"; };
		C067ACE2241EAFF6007E3055 /* FixCategoryBug.h */ = {isa = PBXFileReference; fileEncoding = 4; lastKnownFileType = sourcecode.c.h; path = FixCategoryBug.h; sourceTree = "<group>"; };
		C067ACE3241EAFF6007E3055 /* IOHIDEvent+KIF.m */ = {isa = PBXFileReference; fileEncoding = 4; lastKnownFileType = sourcecode.c.objc; path = "IOHIDEvent+KIF.m"; sourceTree = "<group>"; };
		C067ACE4241EAFF6007E3055 /* UIView-KIFAdditions.m */ = {isa = PBXFileReference; fileEncoding = 4; lastKnownFileType = sourcecode.c.objc; path = "UIView-KIFAdditions.m"; sourceTree = "<group>"; };
		C067ACE5241EAFF6007E3055 /* UITouch-KIFAdditions.h */ = {isa = PBXFileReference; fileEncoding = 4; lastKnownFileType = sourcecode.c.h; path = "UITouch-KIFAdditions.h"; sourceTree = "<group>"; };
		C067ACE6241EAFF6007E3055 /* UIEvent+KIFAdditions.m */ = {isa = PBXFileReference; fileEncoding = 4; lastKnownFileType = sourcecode.c.objc; path = "UIEvent+KIFAdditions.m"; sourceTree = "<group>"; };
		C067ACE7241EAFF6007E3055 /* LoadableCategory.h */ = {isa = PBXFileReference; fileEncoding = 4; lastKnownFileType = sourcecode.c.h; path = LoadableCategory.h; sourceTree = "<group>"; };
		C067ACE8241EAFF6007E3055 /* PTFakeTouch.m */ = {isa = PBXFileReference; fileEncoding = 4; lastKnownFileType = sourcecode.c.objc; path = PTFakeTouch.m; sourceTree = "<group>"; };
		C067ACE9241EAFF6007E3055 /* Info.plist */ = {isa = PBXFileReference; fileEncoding = 4; lastKnownFileType = text.plist.xml; path = Info.plist; sourceTree = "<group>"; };
		C067AD27241EB209007E3055 /* KIF.framework */ = {isa = PBXFileReference; explicitFileType = wrapper.framework; path = KIF.framework; sourceTree = BUILT_PRODUCTS_DIR; };
		C067AD2E241EB776007E3055 /* XCTest.framework */ = {isa = PBXFileReference; lastKnownFileType = wrapper.framework; name = XCTest.framework; path = Platforms/iPhoneOS.platform/Developer/Library/Frameworks/XCTest.framework; sourceTree = DEVELOPER_DIR; };
		C0AC1CDC240BAD44008F4DFB /* CoreGraphics.framework */ = {isa = PBXFileReference; lastKnownFileType = wrapper.framework; name = CoreGraphics.framework; path = System/Library/Frameworks/CoreGraphics.framework; sourceTree = SDKROOT; };
		C0AC1CF1240BB365008F4DFB /* Device.m */ = {isa = PBXFileReference; lastKnownFileType = sourcecode.c.objc; path = Device.m; sourceTree = "<group>"; };
		C0AC1CF3240BB37C008F4DFB /* Device.h */ = {isa = PBXFileReference; lastKnownFileType = sourcecode.c.h; path = Device.h; sourceTree = "<group>"; };
		C0AC1CF5240BB96C008F4DFB /* Settings.m */ = {isa = PBXFileReference; lastKnownFileType = sourcecode.c.objc; path = Settings.m; sourceTree = "<group>"; };
		C0AC1CF7240BB97A008F4DFB /* Settings.h */ = {isa = PBXFileReference; lastKnownFileType = sourcecode.c.h; path = Settings.h; sourceTree = "<group>"; };
		C0B68E012414C33E009B5970 /* Consts.h */ = {isa = PBXFileReference; lastKnownFileType = sourcecode.c.h; path = Consts.h; sourceTree = "<group>"; };
		C0B68E032414C632009B5970 /* Consts.m */ = {isa = PBXFileReference; lastKnownFileType = sourcecode.c.objc; path = Consts.m; sourceTree = "<group>"; };
		C0BAF0942418B62C003E2419 /* Jarvis++.pch */ = {isa = PBXFileReference; lastKnownFileType = sourcecode.c.h; path = "Jarvis++.pch"; sourceTree = "<group>"; };
/* End PBXFileReference section */

/* Begin PBXFrameworksBuildPhase section */
		C01B495D240ACF5D00633B45 /* Frameworks */ = {
			isa = PBXFrameworksBuildPhase;
			buildActionMask = 2147483647;
			files = (
				C0AC1CDD240BAD44008F4DFB /* CoreGraphics.framework in Frameworks */,
				C0132B64240B631700719452 /* Security.framework in Frameworks */,
				C0132B62240B630000719452 /* CFNetwork.framework in Frameworks */,
				C067ACEB241EAFF6007E3055 /* IOKit.framework in Frameworks */,
				C01B4983240AD01E00633B45 /* CoreLocation.framework in Frameworks */,
				C01B4965240ACF5D00633B45 /* Foundation.framework in Frameworks */,
				C067AD2B241EB515007E3055 /* KIF.framework in Frameworks */,
				C067AD2F241EB776007E3055 /* XCTest.framework in Frameworks */,
				C01B4967240ACF5D00633B45 /* UIKit.framework in Frameworks */,
				46A19D696FB20DF10E086937 /* libPods-Jarvis++.a in Frameworks */,
			);
			runOnlyForDeploymentPostprocessing = 0;
		};
/* End PBXFrameworksBuildPhase section */

/* Begin PBXGroup section */
		91E40CCDBD064A40A2555622 /* Pods */ = {
			isa = PBXGroup;
			children = (
				2EF23DFC61FC9528A2C6B4F9 /* Pods-Jarvis++.debug.xcconfig */,
				55E833E5AC2B9F7037D6E68C /* Pods-Jarvis++.release.xcconfig */,
			);
			path = Pods;
			sourceTree = "<group>";
		};
		C0025AA3241416DE007813F7 /* Net */ = {
			isa = PBXGroup;
			children = (
				C00EE488241C70B2001771AB /* HttpClientConnection.h */,
				C00EE48A241C70C5001771AB /* HttpClientConnection.m */,
			);
			path = Net;
			sourceTree = "<group>";
		};
		C0025AAC241421D5007813F7 /* Utilities */ = {
			isa = PBXGroup;
			children = (
				C0025AAD241421E9007813F7 /* Utils.h */,
				C0025AAF241421F4007813F7 /* Utils.m */,
			);
			path = Utilities;
			sourceTree = "<group>";
		};
		C0025AB52414393B007813F7 /* States */ = {
			isa = PBXGroup;
			children = (
				C0025AB324143923007813F7 /* DeviceState.h */,
				C0025AB124143917007813F7 /* DeviceState.m */,
			);
			path = States;
			sourceTree = "<group>";
		};
		C0025ABC241483A2007813F7 /* Extensions */ = {
			isa = PBXGroup;
			children = (
				C0025ABD241483B7007813F7 /* UIImage+Pixels.h */,
				C0025ABF241483C6007813F7 /* UIImage+Pixels.mm */,
			);
			path = Extensions;
			sourceTree = "<group>";
		};
		C0025AC124148455007813F7 /* Controllers */ = {
			isa = PBXGroup;
			children = (
				C0025AC22414846B007813F7 /* JobController.h */,
				C0025AC424148477007813F7 /* JobController.m */,
			);
			path = Controllers;
			sourceTree = "<group>";
		};
		C01B4957240ACF5D00633B45 = {
			isa = PBXGroup;
			children = (
				C019482824161E730094A2C8 /* config.plist */,
				C0025AC124148455007813F7 /* Controllers */,
				C0025ABC241483A2007813F7 /* Extensions */,
				C01B4963240ACF5D00633B45 /* Frameworks */,
				C01B4968240ACF5D00633B45 /* Jarvis++ */,
				C0BAF0942418B62C003E2419 /* Jarvis++.pch */,
				C0025AA3241416DE007813F7 /* Net */,
				91E40CCDBD064A40A2555622 /* Pods */,
				C01B4962240ACF5D00633B45 /* Products */,
				C067ACD6241EAFF6007E3055 /* PTFakeTouch */,
				C0025AB52414393B007813F7 /* States */,
				C01B497D240ACF9400633B45 /* UIC */,
				C0025AAC241421D5007813F7 /* Utilities */,
			);
			sourceTree = "<group>";
		};
		C01B4962240ACF5D00633B45 /* Products */ = {
			isa = PBXGroup;
			children = (
				C01B4961240ACF5D00633B45 /* libJarvis++.dylib */,
			);
			name = Products;
			sourceTree = "<group>";
		};
		C01B4963240ACF5D00633B45 /* Frameworks */ = {
			isa = PBXGroup;
			children = (
				C067AD2E241EB776007E3055 /* XCTest.framework */,
				C067AD27241EB209007E3055 /* KIF.framework */,
				C0AC1CDC240BAD44008F4DFB /* CoreGraphics.framework */,
				C0132B63240B631700719452 /* Security.framework */,
				C0132B61240B630000719452 /* CFNetwork.framework */,
				C01B4982240AD01E00633B45 /* CoreLocation.framework */,
				C01B4964240ACF5D00633B45 /* Foundation.framework */,
				C01B4966240ACF5D00633B45 /* UIKit.framework */,
				4B758B3E2D00044589FFB5B7 /* libPods-Jarvis++.a */,
			);
			name = Frameworks;
			sourceTree = "<group>";
		};
		C01B4968240ACF5D00633B45 /* Jarvis++ */ = {
			isa = PBXGroup;
			children = (
				C01B4970240ACF5D00633B45 /* Jarvis__.h */,
				C01B4972240ACF5D00633B45 /* Jarvis__.m */,
				C01B4969240ACF5D00633B45 /* Package */,
				C01B496D240ACF5D00633B45 /* Supporting Files */,
			);
			path = "Jarvis++";
			sourceTree = "<group>";
		};
		C01B4969240ACF5D00633B45 /* Package */ = {
			isa = PBXGroup;
			children = (
				C01B496A240ACF5D00633B45 /* DEBIAN */,
				C01B4974240ACF5D00633B45 /* usr */,
			);
			path = Package;
			sourceTree = "<group>";
		};
		C01B496A240ACF5D00633B45 /* DEBIAN */ = {
			isa = PBXGroup;
			children = (
				C01B496B240ACF5D00633B45 /* control.txt */,
				C01B496C240ACF5D00633B45 /* control */,
			);
			path = DEBIAN;
			sourceTree = "<group>";
		};
		C01B496D240ACF5D00633B45 /* Supporting Files */ = {
			isa = PBXGroup;
			children = (
				C01B496E240ACF5D00633B45 /* PackageVersion.plist */,
				C01B496F240ACF5D00633B45 /* Jarvis++-Prefix.pch */,
			);
			path = "Supporting Files";
			sourceTree = "<group>";
		};
		C01B4974240ACF5D00633B45 /* usr */ = {
			isa = PBXGroup;
			children = (
				C01B4975240ACF5D00633B45 /* lib */,
			);
			path = usr;
			sourceTree = "<group>";
		};
		C01B4975240ACF5D00633B45 /* lib */ = {
			isa = PBXGroup;
			children = (
				C01B4976240ACF5D00633B45 /* 0xdeadfa11 */,
			);
			path = lib;
			sourceTree = "<group>";
		};
		C01B497D240ACF9400633B45 /* UIC */ = {
			isa = PBXGroup;
			children = (
				C0B68E012414C33E009B5970 /* Consts.h */,
				C0B68E032414C632009B5970 /* Consts.m */,
				C0AC1CF3240BB37C008F4DFB /* Device.h */,
				C0AC1CF1240BB365008F4DFB /* Device.m */,
				C00EE48C241D4830001771AB /* JarvisTestCase.h */,
				C00EE48E241D4855001771AB /* JarvisTestCase.m */,
				C0AC1CF7240BB97A008F4DFB /* Settings.h */,
				C0AC1CF5240BB96C008F4DFB /* Settings.m */,
				C01B497E240ACF9400633B45 /* UIC.h */,
				C01B497F240ACF9400633B45 /* UIC.mm */,
			);
			path = UIC;
			sourceTree = "<group>";
		};
		C067ACD6241EAFF6007E3055 /* PTFakeTouch */ = {
			isa = PBXGroup;
			children = (
				C067ACD7241EAFF6007E3055 /* PTFakeTouch.h */,
				C067ACD8241EAFF6007E3055 /* IOKit.framework */,
				C067ACD9241EAFF6007E3055 /* head */,
				C067ACE8241EAFF6007E3055 /* PTFakeTouch.m */,
				C067ACE9241EAFF6007E3055 /* Info.plist */,
			);
			path = PTFakeTouch;
			sourceTree = "<group>";
		};
		C067ACD9241EAFF6007E3055 /* head */ = {
			isa = PBXGroup;
			children = (
				C067ACDA241EAFF6007E3055 /* IOHIDEvent+KIF.h */,
				C067ACDB241EAFF6007E3055 /* UIApplication-KIFAdditions.h */,
				C067ACDC241EAFF6007E3055 /* UIWindow-KIFAdditions.m */,
				C067ACDD241EAFF6007E3055 /* UITouch-KIFAdditions.m */,
				C067ACDE241EAFF6007E3055 /* UIView-KIFAdditions.h */,
				C067ACDF241EAFF6007E3055 /* UIEvent+KIFAdditions.h */,
				C067ACE0241EAFF6007E3055 /* UIWindow-KIFAdditions.h */,
				C067ACE1241EAFF6007E3055 /* UIApplication-KIFAdditions.m */,
				C067ACE2241EAFF6007E3055 /* FixCategoryBug.h */,
				C067ACE3241EAFF6007E3055 /* IOHIDEvent+KIF.m */,
				C067ACE4241EAFF6007E3055 /* UIView-KIFAdditions.m */,
				C067ACE5241EAFF6007E3055 /* UITouch-KIFAdditions.h */,
				C067ACE6241EAFF6007E3055 /* UIEvent+KIFAdditions.m */,
				C067ACE7241EAFF6007E3055 /* LoadableCategory.h */,
			);
			path = head;
			sourceTree = "<group>";
		};
/* End PBXGroup section */

/* Begin PBXHeadersBuildPhase section */
		C01B495E240ACF5D00633B45 /* Headers */ = {
			isa = PBXHeadersBuildPhase;
			buildActionMask = 2147483647;
			files = (
				C067ACEC241EAFF7007E3055 /* IOHIDEvent+KIF.h in Headers */,
				C067ACF2241EAFF7007E3055 /* UIWindow-KIFAdditions.h in Headers */,
				C01B4980240ACF9400633B45 /* UIC.h in Headers */,
				C0AC1CF8240BB97A008F4DFB /* Settings.h in Headers */,
				C0B68E022414C33E009B5970 /* Consts.h in Headers */,
				C067ACF4241EAFF7007E3055 /* FixCategoryBug.h in Headers */,
				C067ACED241EAFF7007E3055 /* UIApplication-KIFAdditions.h in Headers */,
				C067ACEA241EAFF6007E3055 /* PTFakeTouch.h in Headers */,
				C0025ABE241483B7007813F7 /* UIImage+Pixels.h in Headers */,
				C01B4971240ACF5D00633B45 /* Jarvis__.h in Headers */,
				C00EE48D241D4830001771AB /* JarvisTestCase.h in Headers */,
				C0025AAE241421E9007813F7 /* Utils.h in Headers */,
				C067ACF0241EAFF7007E3055 /* UIView-KIFAdditions.h in Headers */,
				C067ACF9241EAFF7007E3055 /* LoadableCategory.h in Headers */,
				C0BAF0952418B62C003E2419 /* Jarvis++.pch in Headers */,
				C0025AC32414846B007813F7 /* JobController.h in Headers */,
				C00EE489241C70B2001771AB /* HttpClientConnection.h in Headers */,
				C067ACF1241EAFF7007E3055 /* UIEvent+KIFAdditions.h in Headers */,
				C0025AB424143923007813F7 /* DeviceState.h in Headers */,
				C0AC1CF4240BB37C008F4DFB /* Device.h in Headers */,
				C067ACF7241EAFF7007E3055 /* UITouch-KIFAdditions.h in Headers */,
			);
			runOnlyForDeploymentPostprocessing = 0;
		};
/* End PBXHeadersBuildPhase section */

/* Begin PBXNativeTarget section */
		C01B4960240ACF5D00633B45 /* Jarvis++ */ = {
			isa = PBXNativeTarget;
			buildConfigurationList = C01B4979240ACF5D00633B45 /* Build configuration list for PBXNativeTarget "Jarvis++" */;
			buildPhases = (
				01C21A2C286A521DCCE592F0 /* [CP] Check Pods Manifest.lock */,
				C01B495C240ACF5D00633B45 /* Sources */,
				C01B495D240ACF5D00633B45 /* Frameworks */,
				C01B495E240ACF5D00633B45 /* Headers */,
				C0BAF09324174FAE003E2419 /* Run Script */,
			);
			buildRules = (
			);
			dependencies = (
			);
			name = "Jarvis++";
			productName = "Jarvis++";
			productReference = C01B4961240ACF5D00633B45 /* libJarvis++.dylib */;
			productType = "com.apple.product-type.library.dynamic";
		};
/* End PBXNativeTarget section */

/* Begin PBXProject section */
		C01B4958240ACF5D00633B45 /* Project object */ = {
			isa = PBXProject;
			attributes = {
				LastUpgradeCheck = 1130;
				TargetAttributes = {
					C01B4960240ACF5D00633B45 = {
						CreatedOnToolsVersion = 11.3.1;
					};
				};
			};
			buildConfigurationList = C01B495B240ACF5D00633B45 /* Build configuration list for PBXProject "Jarvis++" */;
			compatibilityVersion = "Xcode 9.3";
			developmentRegion = en;
			hasScannedForEncodings = 0;
			knownRegions = (
				en,
				Base,
			);
			mainGroup = C01B4957240ACF5D00633B45;
			productRefGroup = C01B4962240ACF5D00633B45 /* Products */;
			projectDirPath = "";
			projectRoot = "";
			targets = (
				C01B4960240ACF5D00633B45 /* Jarvis++ */,
			);
		};
/* End PBXProject section */

/* Begin PBXShellScriptBuildPhase section */
		01C21A2C286A521DCCE592F0 /* [CP] Check Pods Manifest.lock */ = {
			isa = PBXShellScriptBuildPhase;
			buildActionMask = 2147483647;
			files = (
			);
			inputFileListPaths = (
			);
			inputPaths = (
				"${PODS_PODFILE_DIR_PATH}/Podfile.lock",
				"${PODS_ROOT}/Manifest.lock",
			);
			name = "[CP] Check Pods Manifest.lock";
			outputFileListPaths = (
			);
			outputPaths = (
				"$(DERIVED_FILE_DIR)/Pods-Jarvis++-checkManifestLockResult.txt",
			);
			runOnlyForDeploymentPostprocessing = 0;
			shellPath = /bin/sh;
			shellScript = "diff \"${PODS_PODFILE_DIR_PATH}/Podfile.lock\" \"${PODS_ROOT}/Manifest.lock\" > /dev/null\nif [ $? != 0 ] ; then\n    # print error to STDERR\n    echo \"error: The sandbox is not in sync with the Podfile.lock. Run 'pod install' or update your CocoaPods installation.\" >&2\n    exit 1\nfi\n# This output is used by Xcode 'outputs' to avoid re-running this script phase.\necho \"SUCCESS\" > \"${SCRIPT_OUTPUT_FILE_0}\"\n";
			showEnvVarsInLog = 0;
		};
		C0BAF09324174FAE003E2419 /* Run Script */ = {
			isa = PBXShellScriptBuildPhase;
			buildActionMask = 2147483647;
			files = (
			);
			inputFileListPaths = (
			);
			inputPaths = (
			);
			name = "Run Script";
			outputFileListPaths = (
			);
			outputPaths = (
			);
			runOnlyForDeploymentPostprocessing = 0;
			shellPath = /bin/sh;
			shellScript = "# Remove previous payload folder\nrm -rf Payload\n\n# Unzip ipa\nunzip app.zip\n\n# Remove stupid directory settings file\nrm -rf __MACOSX\n\n# Copy dylib to app\ncp \"${CONFIGURATION_BUILD_DIR}/libJarvis++.dylib\" \"Payload/pokemongo.app/libJarvis++.dylib\"\n\n# Copy config\n#cp config.plist \"Payload/pokemongo.app/config.plist\"\n\n# Inject load command for dylib\noptool install -c load -p \"@executable_path/libJarvis++.dylib\" -t \"Payload/pokemongo.app/pokemongo\"\n\n# Remove previously signed ipa\nrm -rf \"/Users/helpdesk/Desktop/deployer-redux/Releases/jarvis/resignedSigned.ipa\"\n\n# Remove previously unsigned ipa\nrm -rf \"/Users/helpdesk/Desktop/deployer-redux/Releases/jarvis/resigned.ipa\" \n\n# Zip up final product\nzip -r -X \"/Users/helpdesk/Desktop/deployer-redux/Releases/jarvis/resigned.zip\" \"Payload/\"\n\n# Rename .zip to .ipa\nmv \"/Users/helpdesk/Desktop/deployer-redux/Releases/jarvis/resigned.zip\" \"/Users/helpdesk/Desktop/deployer-redux/Releases/jarvis/resigned.ipa\"\n\ncd \"/Users/helpdesk/Desktop/deployer-redux\"\n\n# Run deployer\nnode \"/Users/helpdesk/Desktop/deployer-redux/deploy.js\" -f true -l true\n";
		};
/* End PBXShellScriptBuildPhase section */

/* Begin PBXSourcesBuildPhase section */
		C01B495C240ACF5D00633B45 /* Sources */ = {
			isa = PBXSourcesBuildPhase;
			buildActionMask = 2147483647;
			files = (
				C01B4973240ACF5D00633B45 /* Jarvis__.m in Sources */,
				C0AC1CF6240BB96C008F4DFB /* Settings.m in Sources */,
				C00EE48B241C70C5001771AB /* HttpClientConnection.m in Sources */,
				C067ACF3241EAFF7007E3055 /* UIApplication-KIFAdditions.m in Sources */,
				C0025AC524148477007813F7 /* JobController.m in Sources */,
				C0025AB0241421F4007813F7 /* Utils.m in Sources */,
				C00EE48F241D4855001771AB /* JarvisTestCase.m in Sources */,
				C0025AC0241483C6007813F7 /* UIImage+Pixels.mm in Sources */,
				C067ACFA241EAFF7007E3055 /* PTFakeTouch.m in Sources */,
				C0AC1CF2240BB365008F4DFB /* Device.m in Sources */,
				C067ACF5241EAFF7007E3055 /* IOHIDEvent+KIF.m in Sources */,
				C0025AB224143917007813F7 /* DeviceState.m in Sources */,
				C01B4981240ACF9400633B45 /* UIC.mm in Sources */,
				C067ACEE241EAFF7007E3055 /* UIWindow-KIFAdditions.m in Sources */,
				C067ACEF241EAFF7007E3055 /* UITouch-KIFAdditions.m in Sources */,
				C0B68E042414C632009B5970 /* Consts.m in Sources */,
				C067ACF6241EAFF7007E3055 /* UIView-KIFAdditions.m in Sources */,
				C067ACF8241EAFF7007E3055 /* UIEvent+KIFAdditions.m in Sources */,
			);
			runOnlyForDeploymentPostprocessing = 0;
		};
/* End PBXSourcesBuildPhase section */

/* Begin XCBuildConfiguration section */
		C01B4977240ACF5D00633B45 /* Debug */ = {
			isa = XCBuildConfiguration;
			buildSettings = {
				CODE_SIGN_IDENTITY = "iPhone Developer";
				COPY_PHASE_STRIP = NO;
				EXCLUDED_RECURSIVE_SEARCH_PATH_SUBDIRECTORIES = "*.nib *.lproj *.gch (*) .DS_Store CVS .svn .git .hg *.xcodeproj *.xcode *.pbproj *.pbxproj";
				FRAMEWORK_SEARCH_PATHS = "$(SDKROOT)/System/Library/PrivateFrameworks";
				GCC_C_LANGUAGE_STANDARD = gnu99;
				GCC_DYNAMIC_NO_PIC = NO;
				GCC_OPTIMIZATION_LEVEL = 0;
				GCC_PREPROCESSOR_DEFINITIONS = (
					"DEBUG=1",
					"$(inherited)",
				);
				GCC_SYMBOLS_PRIVATE_EXTERN = NO;
				GCC_WARN_ABOUT_MISSING_PROTOTYPES = YES;
				GCC_WARN_ABOUT_RETURN_TYPE = YES;
				GCC_WARN_UNUSED_VARIABLE = YES;
				HEADER_SEARCH_PATHS = "$(THEOS)/vendor/include/**";
				IPHONEOS_DEPLOYMENT_TARGET = 10.0;
				LIBRARY_SEARCH_PATHS = "$(THEOS)/vendor/lib/**";
				SDKROOT = iphoneos;
				TARGETED_DEVICE_FAMILY = "1,2";
				THEOS = /opt/theos;
				VALIDATE_PRODUCT = NO;
			};
			name = Debug;
		};
		C01B4978240ACF5D00633B45 /* Release */ = {
			isa = XCBuildConfiguration;
			buildSettings = {
				CODE_SIGN_IDENTITY = "iPhone Developer";
				COPY_PHASE_STRIP = YES;
				EXCLUDED_RECURSIVE_SEARCH_PATH_SUBDIRECTORIES = "*.nib *.lproj *.gch (*) .DS_Store CVS .svn .git .hg *.xcodeproj *.xcode *.pbproj *.pbxproj";
				FRAMEWORK_SEARCH_PATHS = "$(SDKROOT)/System/Library/PrivateFrameworks";
				GCC_C_LANGUAGE_STANDARD = gnu99;
				GCC_WARN_ABOUT_MISSING_PROTOTYPES = YES;
				GCC_WARN_ABOUT_RETURN_TYPE = YES;
				GCC_WARN_UNUSED_VARIABLE = YES;
				HEADER_SEARCH_PATHS = "$(THEOS)/vendor/include/**";
				IPHONEOS_DEPLOYMENT_TARGET = 10.0;
				LIBRARY_SEARCH_PATHS = "$(THEOS)/vendor/lib/**";
				SDKROOT = iphoneos;
				TARGETED_DEVICE_FAMILY = "1,2";
				THEOS = /opt/theos;
				VALIDATE_PRODUCT = YES;
			};
			name = Release;
		};
		C01B497A240ACF5D00633B45 /* Debug */ = {
			isa = XCBuildConfiguration;
			baseConfigurationReference = 2EF23DFC61FC9528A2C6B4F9 /* Pods-Jarvis++.debug.xcconfig */;
			buildSettings = {
				ALWAYS_SEARCH_USER_PATHS = YES;
				ARCHS = arm64;
				CLANG_ALLOW_NON_MODULAR_INCLUDES_IN_FRAMEWORK_MODULES = YES;
				CLANG_ENABLE_OBJC_WEAK = NO;
				CODE_SIGN_IDENTITY = "iPhone Developer";
				CODE_SIGN_STYLE = Automatic;
				DEVELOPMENT_TEAM = "";
				DYLIB_COMPATIBILITY_VERSION = 1;
				DYLIB_CURRENT_VERSION = 1;
				ENABLE_BITCODE = NO;
				ENABLE_TESTABILITY = NO;
				EXECUTABLE_PREFIX = lib;
				FRAMEWORK_SEARCH_PATHS = (
					"$(PLATFORM_DIR)/Developer/Library/Frameworks/**",
					"$(SDKROOT)/System/Library/Frameworks",
					"$(inherited)",
					"$(PROJECT_DIR)",
					"$(DEVELOPER_FRAMEWORKS_DIR)",
					"$(PROJECT_DIR)/PTFakeTouch",
				);
				GCC_NO_COMMON_BLOCKS = NO;
				GCC_PRECOMPILE_PREFIX_HEADER = YES;
				GCC_PREFIX_HEADER = "Jarvis++/Jarvis++-Prefix.pch";
				HEADER_SEARCH_PATHS = "$(inherited)";
				INSTALL_PATH = "@rpath/";
				IPHONEOS_DEPLOYMENT_TARGET = 10.0;
				LD_RUNPATH_SEARCH_PATHS = (
					"$(inherited)",
					"@executable_path/Frameworks",
					"@loader_path/Frameworks",
				);
				LIBRARY_SEARCH_PATHS = (
					"$(inherited)",
					"\"${PODS_CONFIGURATION_BUILD_DIR}/CocoaAsyncSocket\"",
					"\"${PODS_CONFIGURATION_BUILD_DIR}/CocoaHTTPServer\"",
					"\"${PODS_CONFIGURATION_BUILD_DIR}/CocoaLumberjack\"",
					"\"${PODS_CONFIGURATION_BUILD_DIR}/PaperTrailLumberjack\"",
				);
				MACH_O_TYPE = mh_dylib;
				OTHER_LDFLAGS = (
					"$(inherited)",
					"-ObjC",
					"-l\"CocoaAsyncSocket\"",
					"-l\"CocoaHTTPServer\"",
					"-l\"CocoaLumberjack\"",
					"-l\"PaperTrailLumberjack\"",
					"-l\"xml2\"",
					"-framework",
					"\"CFNetwork\"",
					"-framework",
					"\"CoreGraphics\"",
					"-framework",
					"\"IOKit\"",
					"-framework",
					"\"QuartzCore\"",
					"-framework",
					"\"Security\"",
				);
				PRODUCT_NAME = "$(TARGET_NAME)";
				SUPPORTS_MACCATALYST = NO;
				USER_HEADER_SEARCH_PATHS = "";
				VALID_ARCHS = arm64;
				iOSOpenDevBuildPackageOnAnyBuild = NO;
				iOSOpenDevCopyOnBuild = NO;
				iOSOpenDevDevice = 192.168.0.0;
				iOSOpenDevInstallOnAnyBuild = NO;
				iOSOpenDevInstallOnProfiling = NO;
				iOSOpenDevRespringOnInstall = YES;
				iOSOpenDevUsePackageVersionPList = YES;
			};
			name = Debug;
		};
		C01B497B240ACF5D00633B45 /* Release */ = {
			isa = XCBuildConfiguration;
			baseConfigurationReference = 55E833E5AC2B9F7037D6E68C /* Pods-Jarvis++.release.xcconfig */;
			buildSettings = {
				ALWAYS_SEARCH_USER_PATHS = YES;
				ARCHS = arm64;
				CLANG_ALLOW_NON_MODULAR_INCLUDES_IN_FRAMEWORK_MODULES = YES;
				CLANG_ENABLE_OBJC_WEAK = NO;
				CODE_SIGN_IDENTITY = "iPhone Developer";
				CODE_SIGN_STYLE = Automatic;
				DEVELOPMENT_TEAM = "";
				DYLIB_COMPATIBILITY_VERSION = 1;
				DYLIB_CURRENT_VERSION = 1;
				ENABLE_BITCODE = NO;
				ENABLE_TESTABILITY = NO;
				EXECUTABLE_PREFIX = lib;
				FRAMEWORK_SEARCH_PATHS = (
					"$(PLATFORM_DIR)/Developer/Library/Frameworks/**",
					"$(SDKROOT)/System/Library/Frameworks",
					"$(inherited)",
					"$(PROJECT_DIR)",
					"$(DEVELOPER_FRAMEWORKS_DIR)",
					"$(PROJECT_DIR)/PTFakeTouch",
				);
				GCC_NO_COMMON_BLOCKS = NO;
				GCC_PRECOMPILE_PREFIX_HEADER = YES;
				GCC_PREFIX_HEADER = "Jarvis++/Jarvis++-Prefix.pch";
				HEADER_SEARCH_PATHS = "$(inherited)";
				INSTALL_PATH = "@rpath/";
				IPHONEOS_DEPLOYMENT_TARGET = 10.0;
				LD_RUNPATH_SEARCH_PATHS = (
					"$(inherited)",
					"@executable_path/Frameworks",
					"@loader_path/Frameworks",
				);
				LIBRARY_SEARCH_PATHS = (
					"$(inherited)",
					"\"${PODS_CONFIGURATION_BUILD_DIR}/CocoaAsyncSocket\"",
					"\"${PODS_CONFIGURATION_BUILD_DIR}/CocoaHTTPServer\"",
					"\"${PODS_CONFIGURATION_BUILD_DIR}/CocoaLumberjack\"",
					"\"${PODS_CONFIGURATION_BUILD_DIR}/PaperTrailLumberjack\"",
				);
				MACH_O_TYPE = mh_dylib;
				OTHER_LDFLAGS = (
					"$(inherited)",
					"-ObjC",
					"-l\"CocoaAsyncSocket\"",
					"-l\"CocoaHTTPServer\"",
					"-l\"CocoaLumberjack\"",
					"-l\"PaperTrailLumberjack\"",
					"-l\"xml2\"",
					"-framework",
					"\"CFNetwork\"",
					"-framework",
					"\"CoreGraphics\"",
					"-framework",
					"\"IOKit\"",
					"-framework",
					"\"QuartzCore\"",
					"-framework",
					"\"Security\"",
				);
				PRODUCT_NAME = "$(TARGET_NAME)";
				SUPPORTS_MACCATALYST = NO;
				SYSTEM_FRAMEWORK_SEARCH_PATHS = "";
				USER_HEADER_SEARCH_PATHS = "";
				VALID_ARCHS = arm64;
				iOSOpenDevBuildPackageOnAnyBuild = NO;
				iOSOpenDevCopyOnBuild = NO;
				iOSOpenDevDevice = 192.168.0.0;
				iOSOpenDevInstallOnAnyBuild = NO;
				iOSOpenDevInstallOnProfiling = NO;
				iOSOpenDevRespringOnInstall = YES;
				iOSOpenDevUsePackageVersionPList = YES;
			};
			name = Release;
		};
/* End XCBuildConfiguration section */

/* Begin XCConfigurationList section */
		C01B495B240ACF5D00633B45 /* Build configuration list for PBXProject "Jarvis++" */ = {
			isa = XCConfigurationList;
			buildConfigurations = (
				C01B4977240ACF5D00633B45 /* Debug */,
				C01B4978240ACF5D00633B45 /* Release */,
			);
			defaultConfigurationIsVisible = 0;
			defaultConfigurationName = Release;
		};
		C01B4979240ACF5D00633B45 /* Build configuration list for PBXNativeTarget "Jarvis++" */ = {
			isa = XCConfigurationList;
			buildConfigurations = (
				C01B497A240ACF5D00633B45 /* Debug */,
				C01B497B240ACF5D00633B45 /* Release */,
			);
			defaultConfigurationIsVisible = 0;
			defaultConfigurationName = Release;
		};
/* End XCConfigurationList section */
	};
	rootObject = C01B4958240ACF5D00633B45 /* Project object */;
}
